// !$*UTF8*$!
{
	archiveVersion = 1;
	classes = {
	};
	objectVersion = 56;
	objects = {

/* Begin PBXBuildFile section */
		5015DEA22F56D27A00618C6D /* Assets.xcassets in Resources */ = {isa = PBXBuildFile; fileRef = 5015DEA12F56D27A00618C6D /* Assets.xcassets */; };
		50CD98602F56EE1000F9E715 /* ShipHook.icon in Resources */ = {isa = PBXBuildFile; fileRef = 50CD985F2F56EE1000F9E715 /* ShipHook.icon */; };
		60A000000000000000000001 /* BuildHistoryStore.swift in Sources */ = {isa = PBXBuildFile; fileRef = 60A000000000000000000002 /* BuildHistoryStore.swift */; };
		60A000000000000000000003 /* SettingsView.swift in Sources */ = {isa = PBXBuildFile; fileRef = 60A000000000000000000004 /* SettingsView.swift */; };
		60A000000000000000000005 /* ShipHookLocale.swift in Sources */ = {isa = PBXBuildFile; fileRef = 60A000000000000000000006 /* ShipHookLocale.swift */; };
		60A000000000000000000007 /* shiphoookglyphblack.png in Resources */ = {isa = PBXBuildFile; fileRef = 60A000000000000000000008 /* shiphoookglyphblack.png */; };
		60A000000000000000000009 /* shiphoookglyphwhite.png in Resources */ = {isa = PBXBuildFile; fileRef = 60A00000000000000000000A /* shiphoookglyphwhite.png */; };
		7A0000000000000000000001 /* Sparkle in Frameworks */ = {isa = PBXBuildFile; productRef = 7A0000000000000000000002 /* Sparkle */; };
		A00000000000000000000001 /* ShipHookApp.swift in Sources */ = {isa = PBXBuildFile; fileRef = A00000000000000000000011 /* ShipHookApp.swift */; };
		A00000000000000000000002 /* ContentView.swift in Sources */ = {isa = PBXBuildFile; fileRef = A00000000000000000000012 /* ContentView.swift */; };
		A00000000000000000000003 /* AppState.swift in Sources */ = {isa = PBXBuildFile; fileRef = A00000000000000000000013 /* AppState.swift */; };
		A00000000000000000000004 /* ConfigStore.swift in Sources */ = {isa = PBXBuildFile; fileRef = A00000000000000000000014 /* ConfigStore.swift */; };
		A00000000000000000000005 /* GitHubAPI.swift in Sources */ = {isa = PBXBuildFile; fileRef = A00000000000000000000015 /* GitHubAPI.swift */; };
		A00000000000000000000006 /* Models.swift in Sources */ = {isa = PBXBuildFile; fileRef = A00000000000000000000016 /* Models.swift */; };
		A00000000000000000000007 /* PipelineRunner.swift in Sources */ = {isa = PBXBuildFile; fileRef = A00000000000000000000017 /* PipelineRunner.swift */; };
		A00000000000000000000008 /* ShellCommand.swift in Sources */ = {isa = PBXBuildFile; fileRef = A00000000000000000000018 /* ShellCommand.swift */; };
		A00000000000000000000009 /* SampleConfig.json in Resources */ = {isa = PBXBuildFile; fileRef = A00000000000000000000019 /* SampleConfig.json */; };
		A0000000000000000000002A /* publish_sparkle_release.sh in Resources */ = {isa = PBXBuildFile; fileRef = A0000000000000000000002B /* publish_sparkle_release.sh */; };
		A0000000000000000000002C /* ProjectInspector.swift in Sources */ = {isa = PBXBuildFile; fileRef = A0000000000000000000002D /* ProjectInspector.swift */; };
		A0000000000000000000002E /* ReleasePlanner.swift in Sources */ = {isa = PBXBuildFile; fileRef = A0000000000000000000002F /* ReleasePlanner.swift */; };
		A00000000000000000000030 /* SigningInspector.swift in Sources */ = {isa = PBXBuildFile; fileRef = A00000000000000000000031 /* SigningInspector.swift */; };
		A00000000000000000000032 /* AppUpdater.swift in Sources */ = {isa = PBXBuildFile; fileRef = A00000000000000000000033 /* AppUpdater.swift */; };
/* End PBXBuildFile section */

/* Begin PBXFileReference section */
		5015DEA12F56D27A00618C6D /* Assets.xcassets */ = {isa = PBXFileReference; lastKnownFileType = folder.assetcatalog; path = Assets.xcassets; sourceTree = "<group>"; };
		50CD985F2F56EE1000F9E715 /* ShipHook.icon */ = {isa = PBXFileReference; lastKnownFileType = folder.iconcomposer.icon; path = ShipHook.icon; sourceTree = "<group>"; };
		60A000000000000000000002 /* BuildHistoryStore.swift */ = {isa = PBXFileReference; lastKnownFileType = sourcecode.swift; path = BuildHistoryStore.swift; sourceTree = "<group>"; };
		60A000000000000000000004 /* SettingsView.swift */ = {isa = PBXFileReference; lastKnownFileType = sourcecode.swift; path = SettingsView.swift; sourceTree = "<group>"; };
		60A000000000000000000006 /* ShipHookLocale.swift */ = {isa = PBXFileReference; lastKnownFileType = sourcecode.swift; path = ShipHookLocale.swift; sourceTree = "<group>"; };
		60A000000000000000000008 /* shiphoookglyphblack.png */ = {isa = PBXFileReference; lastKnownFileType = image.png; path = shiphoookglyphblack.png; sourceTree = "<group>"; };
		60A00000000000000000000A /* shiphoookglyphwhite.png */ = {isa = PBXFileReference; lastKnownFileType = image.png; path = shiphoookglyphwhite.png; sourceTree = "<group>"; };
		A0000000000000000000000A /* ShipHook.app */ = {isa = PBXFileReference; explicitFileType = wrapper.application; includeInIndex = 0; path = ShipHook.app; sourceTree = BUILT_PRODUCTS_DIR; };
		A00000000000000000000011 /* ShipHookApp.swift */ = {isa = PBXFileReference; lastKnownFileType = sourcecode.swift; path = ShipHookApp.swift; sourceTree = "<group>"; };
		A00000000000000000000012 /* ContentView.swift */ = {isa = PBXFileReference; lastKnownFileType = sourcecode.swift; path = ContentView.swift; sourceTree = "<group>"; };
		A00000000000000000000013 /* AppState.swift */ = {isa = PBXFileReference; lastKnownFileType = sourcecode.swift; path = AppState.swift; sourceTree = "<group>"; };
		A00000000000000000000014 /* ConfigStore.swift */ = {isa = PBXFileReference; lastKnownFileType = sourcecode.swift; path = ConfigStore.swift; sourceTree = "<group>"; };
		A00000000000000000000015 /* GitHubAPI.swift */ = {isa = PBXFileReference; lastKnownFileType = sourcecode.swift; path = GitHubAPI.swift; sourceTree = "<group>"; };
		A00000000000000000000016 /* Models.swift */ = {isa = PBXFileReference; lastKnownFileType = sourcecode.swift; path = Models.swift; sourceTree = "<group>"; };
		A00000000000000000000017 /* PipelineRunner.swift */ = {isa = PBXFileReference; lastKnownFileType = sourcecode.swift; path = PipelineRunner.swift; sourceTree = "<group>"; };
		A00000000000000000000018 /* ShellCommand.swift */ = {isa = PBXFileReference; lastKnownFileType = sourcecode.swift; path = ShellCommand.swift; sourceTree = "<group>"; };
		A00000000000000000000019 /* SampleConfig.json */ = {isa = PBXFileReference; lastKnownFileType = text.json; path = SampleConfig.json; sourceTree = "<group>"; };
		A0000000000000000000002B /* publish_sparkle_release.sh */ = {isa = PBXFileReference; lastKnownFileType = text.script.sh; path = publish_sparkle_release.sh; sourceTree = "<group>"; };
		A0000000000000000000002D /* ProjectInspector.swift */ = {isa = PBXFileReference; lastKnownFileType = sourcecode.swift; path = ProjectInspector.swift; sourceTree = "<group>"; };
		A0000000000000000000002F /* ReleasePlanner.swift */ = {isa = PBXFileReference; lastKnownFileType = sourcecode.swift; path = ReleasePlanner.swift; sourceTree = "<group>"; };
		A00000000000000000000031 /* SigningInspector.swift */ = {isa = PBXFileReference; lastKnownFileType = sourcecode.swift; path = SigningInspector.swift; sourceTree = "<group>"; };
		A00000000000000000000033 /* AppUpdater.swift */ = {isa = PBXFileReference; lastKnownFileType = sourcecode.swift; path = AppUpdater.swift; sourceTree = "<group>"; };
/* End PBXFileReference section */

/* Begin PBXFrameworksBuildPhase section */
		A0000000000000000000001A /* Frameworks */ = {
			isa = PBXFrameworksBuildPhase;
			buildActionMask = 2147483647;
			files = (
				7A0000000000000000000001 /* Sparkle in Frameworks */,
			);
			runOnlyForDeploymentPostprocessing = 0;
		};
/* End PBXFrameworksBuildPhase section */

/* Begin PBXGroup section */
		A0000000000000000000001B = {
			isa = PBXGroup;
			children = (
				50CD985F2F56EE1000F9E715 /* ShipHook.icon */,
				A0000000000000000000001C /* ShipHook */,
				A0000000000000000000002B /* publish_sparkle_release.sh */,
				A0000000000000000000001D /* Products */,
			);
			sourceTree = "<group>";
		};
		A0000000000000000000001C /* ShipHook */ = {
			isa = PBXGroup;
			children = (
				A0000000000000000000001E /* Sources */,
				A0000000000000000000001F /* Resources */,
			);
			path = ShipHook;
			sourceTree = "<group>";
		};
		A0000000000000000000001D /* Products */ = {
			isa = PBXGroup;
			children = (
				A0000000000000000000000A /* ShipHook.app */,
			);
			name = Products;
			sourceTree = "<group>";
		};
		A0000000000000000000001E /* Sources */ = {
			isa = PBXGroup;
			children = (
				A00000000000000000000011 /* ShipHookApp.swift */,
				A00000000000000000000012 /* ContentView.swift */,
				A00000000000000000000013 /* AppState.swift */,
				60A000000000000000000002 /* BuildHistoryStore.swift */,
				A00000000000000000000014 /* ConfigStore.swift */,
				A00000000000000000000015 /* GitHubAPI.swift */,
				A00000000000000000000016 /* Models.swift */,
				A00000000000000000000017 /* PipelineRunner.swift */,
				A0000000000000000000002D /* ProjectInspector.swift */,
				A0000000000000000000002F /* ReleasePlanner.swift */,
				60A000000000000000000004 /* SettingsView.swift */,
				A00000000000000000000018 /* ShellCommand.swift */,
				60A000000000000000000006 /* ShipHookLocale.swift */,
				A00000000000000000000031 /* SigningInspector.swift */,
				A00000000000000000000033 /* AppUpdater.swift */,
			);
			path = Sources;
			sourceTree = "<group>";
		};
		A0000000000000000000001F /* Resources */ = {
			isa = PBXGroup;
			children = (
				5015DEA12F56D27A00618C6D /* Assets.xcassets */,
				A00000000000000000000019 /* SampleConfig.json */,
				60A000000000000000000008 /* shiphoookglyphblack.png */,
				60A00000000000000000000A /* shiphoookglyphwhite.png */,
			);
			path = Resources;
			sourceTree = "<group>";
		};
/* End PBXGroup section */

/* Begin PBXNativeTarget section */
		A00000000000000000000020 /* ShipHook */ = {
			isa = PBXNativeTarget;
			buildConfigurationList = A00000000000000000000028 /* Build configuration list for PBXNativeTarget "ShipHook" */;
			buildPhases = (
				A00000000000000000000021 /* Sources */,
				A0000000000000000000001A /* Frameworks */,
				A00000000000000000000022 /* Resources */,
			);
			buildRules = (
			);
			dependencies = (
			);
			name = ShipHook;
			packageProductDependencies = (
				7A0000000000000000000002 /* Sparkle */,
			);
			productName = ShipHook;
			productReference = A0000000000000000000000A /* ShipHook.app */;
			productType = "com.apple.product-type.application";
		};
/* End PBXNativeTarget section */

/* Begin PBXProject section */
		A00000000000000000000023 /* Project object */ = {
			isa = PBXProject;
			attributes = {
				BuildIndependentTargetsInParallel = 1;
				LastSwiftUpdateCheck = 1600;
				LastUpgradeCheck = 1600;
				TargetAttributes = {
					A00000000000000000000020 = {
						CreatedOnToolsVersion = 16.0;
					};
				};
			};
			buildConfigurationList = A00000000000000000000024 /* Build configuration list for PBXProject "ShipHook" */;
			compatibilityVersion = "Xcode 14.0";
			developmentRegion = en;
			hasScannedForEncodings = 0;
			knownRegions = (
				en,
				Base,
			);
			mainGroup = A0000000000000000000001B;
			packageReferences = (
				7A0000000000000000000003 /* XCRemoteSwiftPackageReference "Sparkle" */,
			);
			productRefGroup = A0000000000000000000001D /* Products */;
			projectDirPath = "";
			projectRoot = "";
			targets = (
				A00000000000000000000020 /* ShipHook */,
			);
		};
/* End PBXProject section */

/* Begin PBXResourcesBuildPhase section */
		A00000000000000000000022 /* Resources */ = {
			isa = PBXResourcesBuildPhase;
			buildActionMask = 2147483647;
			files = (
				A00000000000000000000009 /* SampleConfig.json in Resources */,
				50CD98602F56EE1000F9E715 /* ShipHook.icon in Resources */,
				A0000000000000000000002A /* publish_sparkle_release.sh in Resources */,
				5015DEA22F56D27A00618C6D /* Assets.xcassets in Resources */,
				60A000000000000000000007 /* shiphoookglyphblack.png in Resources */,
				60A000000000000000000009 /* shiphoookglyphwhite.png in Resources */,
			);
			runOnlyForDeploymentPostprocessing = 0;
		};
/* End PBXResourcesBuildPhase section */

/* Begin PBXSourcesBuildPhase section */
		A00000000000000000000021 /* Sources */ = {
			isa = PBXSourcesBuildPhase;
			buildActionMask = 2147483647;
			files = (
				A00000000000000000000003 /* AppState.swift in Sources */,
				60A000000000000000000001 /* BuildHistoryStore.swift in Sources */,
				A00000000000000000000004 /* ConfigStore.swift in Sources */,
				A00000000000000000000002 /* ContentView.swift in Sources */,
				A00000000000000000000005 /* GitHubAPI.swift in Sources */,
				A00000000000000000000006 /* Models.swift in Sources */,
				A00000000000000000000007 /* PipelineRunner.swift in Sources */,
				A0000000000000000000002C /* ProjectInspector.swift in Sources */,
				A0000000000000000000002E /* ReleasePlanner.swift in Sources */,
				60A000000000000000000003 /* SettingsView.swift in Sources */,
				A00000000000000000000008 /* ShellCommand.swift in Sources */,
				60A000000000000000000005 /* ShipHookLocale.swift in Sources */,
				A00000000000000000000030 /* SigningInspector.swift in Sources */,
				A00000000000000000000032 /* AppUpdater.swift in Sources */,
				A00000000000000000000001 /* ShipHookApp.swift in Sources */,
			);
			runOnlyForDeploymentPostprocessing = 0;
		};
/* End PBXSourcesBuildPhase section */

/* Begin XCBuildConfiguration section */
		A00000000000000000000025 /* Debug */ = {
			isa = XCBuildConfiguration;
			buildSettings = {
				ALWAYS_SEARCH_USER_PATHS = NO;
				ASSETCATALOG_COMPILER_APPICON_NAME = ShipHook;
				ASSETCATALOG_COMPILER_INCLUDE_ALL_APPICON_ASSETS = NO;
				CODE_SIGNING_ALLOWED = NO;
				COMBINE_HIDPI_IMAGES = YES;
				CURRENT_PROJECT_VERSION = 107;
				DEVELOPMENT_TEAM = "";
				ENABLE_APP_SANDBOX = NO;
				GENERATE_INFOPLIST_FILE = NO;
				INFOPLIST_FILE = ShipHook/Resources/Info.plist;
				LD_RUNPATH_SEARCH_PATHS = (
					"$(inherited)",
					"@executable_path/../Frameworks",
				);
				MACOSX_DEPLOYMENT_TARGET = 26.0;
				MARKETING_VERSION = 1.0.7;
				PRODUCT_BUNDLE_IDENTIFIER = com.example.ShipHook;
				PRODUCT_NAME = "$(TARGET_NAME)";
				SDKROOT = macosx;
				SWIFT_EMIT_LOC_STRINGS = YES;
				SWIFT_VERSION = 5.0;
			};
			name = Debug;
		};
		A00000000000000000000026 /* Release */ = {
			isa = XCBuildConfiguration;
			buildSettings = {
				ALWAYS_SEARCH_USER_PATHS = NO;
				ASSETCATALOG_COMPILER_APPICON_NAME = ShipHook;
				ASSETCATALOG_COMPILER_INCLUDE_ALL_APPICON_ASSETS = NO;
				CODE_SIGNING_ALLOWED = YES;
				CODE_SIGN_STYLE = Manual;
				COMBINE_HIDPI_IMAGES = YES;
				CURRENT_PROJECT_VERSION = 107;
				DEVELOPMENT_TEAM = "";
				ENABLE_APP_SANDBOX = NO;
				ENABLE_HARDENED_RUNTIME = YES;
				GENERATE_INFOPLIST_FILE = NO;
				INFOPLIST_FILE = ShipHook/Resources/Info.plist;
				LD_RUNPATH_SEARCH_PATHS = (
					"$(inherited)",
					"@executable_path/../Frameworks",
				);
				MACOSX_DEPLOYMENT_TARGET = 26.0;
				MARKETING_VERSION = 1.0.7;
				PRODUCT_BUNDLE_IDENTIFIER = com.example.ShipHook;
				PRODUCT_NAME = "$(TARGET_NAME)";
				SDKROOT = macosx;
				SWIFT_EMIT_LOC_STRINGS = YES;
				SWIFT_VERSION = 5.0;
			};
			name = Release;
		};
		A00000000000000000000027 /* Debug */ = {
			isa = XCBuildConfiguration;
			buildSettings = {
				CODE_SIGNING_ALLOWED = NO;
			};
			name = Debug;
		};
		A00000000000000000000029 /* Release */ = {
			isa = XCBuildConfiguration;
			buildSettings = {
				CODE_SIGNING_ALLOWED = YES;
			};
			name = Release;
		};
/* End XCBuildConfiguration section */

/* Begin XCConfigurationList section */
		A00000000000000000000024 /* Build configuration list for PBXProject "ShipHook" */ = {
			isa = XCConfigurationList;
			buildConfigurations = (
				A00000000000000000000027 /* Debug */,
				A00000000000000000000029 /* Release */,
			);
			defaultConfigurationIsVisible = 0;
			defaultConfigurationName = Release;
		};
		A00000000000000000000028 /* Build configuration list for PBXNativeTarget "ShipHook" */ = {
			isa = XCConfigurationList;
			buildConfigurations = (
				A00000000000000000000025 /* Debug */,
				A00000000000000000000026 /* Release */,
			);
			defaultConfigurationIsVisible = 0;
			defaultConfigurationName = Release;
		};
/* End XCConfigurationList section */

/* Begin XCRemoteSwiftPackageReference section */
		7A0000000000000000000003 /* XCRemoteSwiftPackageReference "Sparkle" */ = {
			isa = XCRemoteSwiftPackageReference;
			repositoryURL = "https://github.com/sparkle-project/Sparkle";
			requirement = {
				kind = upToNextMajorVersion;
				minimumVersion = 2.8.0;
			};
		};
/* End XCRemoteSwiftPackageReference section */

/* Begin XCSwiftPackageProductDependency section */
		7A0000000000000000000002 /* Sparkle */ = {
			isa = XCSwiftPackageProductDependency;
			package = 7A0000000000000000000003 /* XCRemoteSwiftPackageReference "Sparkle" */;
			productName = Sparkle;
		};
/* End XCSwiftPackageProductDependency section */
	};
	rootObject = A00000000000000000000023 /* Project object */;
}
